
Microsoft Visual Studio Solution File, Format Version 12.00
# Visual Studio Version 16
VisualStudioVersion = 16.0.28803.202
MinimumVisualStudioVersion = 10.0.40219.1
Project("{9A19103F-16F7-4668-BE54-9A1E7A4F7556}") = "FunctionAppCSharp", "FunctionAppCSharp\FunctionAppCSharp.csproj", "{DAAF8F15-74D6-4845-B052-ED81D6DF64B5}"
EndProject
Project("{6EC3EE1D-3C4E-46DD-8F32-0CC8E7565705}") = "FunctionAppFSharp", "FunctionAppFSharp\FunctionAppFSharp.fsproj", "{9B82FB83-14E8-4862-B4BE-9CF9D50314E5}"
EndProject
Global
	GlobalSection(SolutionConfigurationPlatforms) = preSolution
		Debug|Any CPU = Debug|Any CPU
		Release|Any CPU = Release|Any CPU
	EndGlobalSection
	GlobalSection(ProjectConfigurationPlatforms) = postSolution
		{DAAF8F15-74D6-4845-B052-ED81D6DF64B5}.Debug|Any CPU.ActiveCfg = Debug|Any CPU
		{DAAF8F15-74D6-4845-B052-ED81D6DF64B5}.Debug|Any CPU.Build.0 = Debug|Any CPU
		{DAAF8F15-74D6-4845-B052-ED81D6DF64B5}.Release|Any CPU.ActiveCfg = Release|Any CPU
		{DAAF8F15-74D6-4845-B052-ED81D6DF64B5}.Release|Any CPU.Build.0 = Release|Any CPU
		{9B82FB83-14E8-4862-B4BE-9CF9D50314E5}.Debug|Any CPU.ActiveCfg = Debug|Any CPU
		{9B82FB83-14E8-4862-B4BE-9CF9D50314E5}.Debug|Any CPU.Build.0 = Debug|Any CPU
		{9B82FB83-14E8-4862-B4BE-9CF9D50314E5}.Release|Any CPU.ActiveCfg = Release|Any CPU
		{9B82FB83-14E8-4862-B4BE-9CF9D50314E5}.Release|Any CPU.Build.0 = Release|Any CPU
	EndGlobalSection
	GlobalSection(SolutionProperties) = preSolution
		HideSolutionNode = FALSE
	EndGlobalSection
	GlobalSection(ExtensibilityGlobals) = postSolution
		SolutionGuid = {81115710-EFC2-4B1B-B40D-D7DA50567E4F}
	EndGlobalSection
EndGlobal
